
Microsoft Visual Studio Solution File, Format Version 12.00
# Visual Studio Version 17
VisualStudioVersion = 17.8.34309.116
MinimumVisualStudioVersion = 10.0.40219.1
Project("{9A19103F-16F7-4668-BE54-9A1E7A4F7556}") = "SuperSonic", "SuperSonic\SuperSonic.csproj", "{21F838B4-11B6-4C54-957A-9B7EFDE8F19E}"
EndProject
Global
	GlobalSection(SolutionConfigurationPlatforms) = preSolution
		Debug|Any CPU = Debug|Any CPU
		Release|Any CPU = Release|Any CPU
	EndGlobalSection
	GlobalSection(ProjectConfigurationPlatforms) = postSolution
		{21F838B4-11B6-4C54-957A-9B7EFDE8F19E}.Debug|Any CPU.ActiveCfg = Debug|Any CPU
		{21F838B4-11B6-4C54-957A-9B7EFDE8F19E}.Debug|Any CPU.Build.0 = Debug|Any CPU
		{21F838B4-11B6-4C54-957A-9B7EFDE8F19E}.Release|Any CPU.ActiveCfg = Release|Any CPU
		{21F838B4-11B6-4C54-957A-9B7EFDE8F19E}.Release|Any CPU.Build.0 = Release|Any CPU
	EndGlobalSection
	GlobalSection(SolutionProperties) = preSolution
		HideSolutionNode = FALSE
	EndGlobalSection
	GlobalSection(ExtensibilityGlobals) = postSolution
		SolutionGuid = {DEA5BDC6-C56D-4AC1-A8C6-2C64A5A75FDD}
	EndGlobalSection
EndGlobal
